
Microsoft Visual Studio Solution File, Format Version 12.00
# Visual Studio 15
VisualStudioVersion = 15.0.28307.168
MinimumVisualStudioVersion = 10.0.40219.1
Project("{FAE04EC0-301F-11D3-BF4B-00C04F79EFBC}") = "calc", "calc\calc.csproj", "{0D2EC87F-E518-4C8F-BBFC-0AF013EAA50E}"
EndProject
Global
	GlobalSection(SolutionConfigurationPlatforms) = preSolution
		Debug|Any CPU = Debug|Any CPU
		Release|Any CPU = Release|Any CPU
	EndGlobalSection
	GlobalSection(ProjectConfigurationPlatforms) = postSolution
		{0D2EC87F-E518-4C8F-BBFC-0AF013EAA50E}.Debug|Any CPU.ActiveCfg = Debug|Any CPU
		{0D2EC87F-E518-4C8F-BBFC-0AF013EAA50E}.Debug|Any CPU.Build.0 = Debug|Any CPU
		{0D2EC87F-E518-4C8F-BBFC-0AF013EAA50E}.Release|Any CPU.ActiveCfg = Release|Any CPU
		{0D2EC87F-E518-4C8F-BBFC-0AF013EAA50E}.Release|Any CPU.Build.0 = Release|Any CPU
	EndGlobalSection
	GlobalSection(SolutionProperties) = preSolution
		HideSolutionNode = FALSE
	EndGlobalSection
	GlobalSection(ExtensibilityGlobals) = postSolution
		SolutionGuid = {55A6DFD2-6AD9-40C2-A1ED-843A2D8AAF68}
	EndGlobalSection
EndGlobal
